
Microsoft Visual Studio Solution File, Format Version 12.00
# Visual Studio 15
VisualStudioVersion = 15.0.28307.421
MinimumVisualStudioVersion = 10.0.40219.1
Project("{FAE04EC0-301F-11D3-BF4B-00C04F79EFBC}") = "IProjenFramework.Core", "IProjenFramework.Core\IProjenFramework.Core.csproj", "{864D514E-3349-4766-8E2B-6A37EBB98C1B}"
EndProject
Project("{FAE04EC0-301F-11D3-BF4B-00C04F79EFBC}") = "IProjenFramework.Entities", "IProjenFramework.Entities\IProjenFramework.Entities.csproj", "{823133AF-3841-49C9-B188-A930436C6AA0}"
EndProject
Project("{2150E333-8FDC-42A3-9474-1A3956D46DE8}") = "Libraries", "Libraries", "{7B9A8169-5D07-463C-A60B-E6C7AC0BEAFF}"
EndProject
Project("{FAE04EC0-301F-11D3-BF4B-00C04F79EFBC}") = "IProjenFramework.DataAccess", "IProjenFramework.DataAccess\IProjenFramework.DataAccess.csproj", "{1A50A540-DEEB-4565-9220-D5262C13270D}"
EndProject
Project("{FAE04EC0-301F-11D3-BF4B-00C04F79EFBC}") = "IProjenFramework.Business", "IProjenFramework.Business\IProjenFramework.Business.csproj", "{2F4E62A7-A076-492E-A562-F1D40EB3263D}"
EndProject
Project("{2150E333-8FDC-42A3-9474-1A3956D46DE8}") = "Unit Tests", "Unit Tests", "{3409D905-7B1B-4795-9AEA-81F19552A696}"
EndProject
Project("{FAE04EC0-301F-11D3-BF4B-00C04F79EFBC}") = "IProjenFramework.DataAccess.Test", "IProjenFramework.DataAccess.Test\IProjenFramework.DataAccess.Test.csproj", "{69C5CBC8-62E8-428E-80A9-F536432C8F31}"
EndProject
Project("{FAE04EC0-301F-11D3-BF4B-00C04F79EFBC}") = "IProjenFramework.Business.Test", "IProjenFramework.Business.Test\IProjenFramework.Business.Test.csproj", "{864478F1-68FB-4A73-85CB-763152C88EB3}"
EndProject
Project("{2150E333-8FDC-42A3-9474-1A3956D46DE8}") = "Web Projects", "Web Projects", "{77D47095-FE06-44C5-A88C-C49BA32E16E2}"
EndProject
Project("{2150E333-8FDC-42A3-9474-1A3956D46DE8}") = "Web Apis", "Web Apis", "{38EFFCC5-23C3-49EC-BA80-C66C7ABDAFDA}"
EndProject
Project("{FAE04EC0-301F-11D3-BF4B-00C04F79EFBC}") = "IProjenFramework.WebAPI", "IProjenFramework.WebAPI\IProjenFramework.WebAPI.csproj", "{9C0E3F1A-27FC-4215-A90D-F6DF5BA322FC}"
EndProject
Project("{FAE04EC0-301F-11D3-BF4B-00C04F79EFBC}") = "IProjenFramework.WebMvcUI.Test", "IProjenFramework.WebMvcUI.Test\IProjenFramework.WebMvcUI.Test.csproj", "{DCAC1902-5637-4217-A2BF-32DDC741CA07}"
EndProject
Project("{2150E333-8FDC-42A3-9474-1A3956D46DE8}") = "Web Services", "Web Services", "{B0161334-C462-4117-AE3C-32A2AF1D337F}"
EndProject
Project("{E24C65DC-7377-472B-9ABA-BC803B73C61A}") = "IProjenFramework.Wcf.Service", "IProjenFramework.Wcf.Service\", "{D7D336D6-CE2F-4D83-94CB-D02223C18DEF}"
	ProjectSection(WebsiteProperties) = preProject
		TargetFrameworkMoniker = ".NETFramework,Version%3Dv4.6.1"
		Debug.AspNetCompiler.VirtualPath = "/localhost_49780"
		Debug.AspNetCompiler.PhysicalPath = "IProjenFramework.Wcf.Service\"
		Debug.AspNetCompiler.TargetPath = "PrecompiledWeb\localhost_49780\"
		Debug.AspNetCompiler.Updateable = "true"
		Debug.AspNetCompiler.ForceOverwrite = "true"
		Debug.AspNetCompiler.FixedNames = "false"
		Debug.AspNetCompiler.Debug = "True"
		Release.AspNetCompiler.VirtualPath = "/localhost_49780"
		Release.AspNetCompiler.PhysicalPath = "IProjenFramework.Wcf.Service\"
		Release.AspNetCompiler.TargetPath = "PrecompiledWeb\localhost_49780\"
		Release.AspNetCompiler.Updateable = "true"
		Release.AspNetCompiler.ForceOverwrite = "true"
		Release.AspNetCompiler.FixedNames = "false"
		Release.AspNetCompiler.Debug = "False"
		VWDPort = "49780"
		SlnRelativePath = "IProjenFramework.Wcf.Service\"
		DefaultWebSiteLanguage = "Visual C#"
	EndProjectSection
EndProject
Project("{2150E333-8FDC-42A3-9474-1A3956D46DE8}") = "Window Services", "Window Services", "{9C6D97FB-6933-4513-BD93-D05AFEE73F71}"
EndProject
Project("{FAE04EC0-301F-11D3-BF4B-00C04F79EFBC}") = "IProjenFramework.WindowService", "IProjenFramework.WindowService\IProjenFramework.WindowService.csproj", "{BDCDF82A-82D3-4B97-A770-3C02CB589FBF}"
EndProject
Project("{2150E333-8FDC-42A3-9474-1A3956D46DE8}") = "Console App", "Console App", "{3356477C-A70B-4668-A9A2-7432AB5931B2}"
EndProject
Project("{FAE04EC0-301F-11D3-BF4B-00C04F79EFBC}") = "IProjenFramework.ConsoleApp", "IProjenFramework.ConsoleApp\IProjenFramework.ConsoleApp.csproj", "{47494CCF-5B86-499B-ACD3-9F8A173C972C}"
EndProject
Project("{2150E333-8FDC-42A3-9474-1A3956D46DE8}") = "Windows App", "Windows App", "{C0EE060A-4547-4DC8-A1BB-5C4625927A2C}"
EndProject
Project("{FAE04EC0-301F-11D3-BF4B-00C04F79EFBC}") = "IProjenFramework.WinFormApp", "IProjenFramework.WinFormApp\IProjenFramework.WinFormApp.csproj", "{51EA2F68-E86D-471C-8E95-40EB4A582876}"
EndProject
Project("{FAE04EC0-301F-11D3-BF4B-00C04F79EFBC}") = "Cryptographer", "Cryptographer\Cryptographer.csproj", "{CD00E44E-D5C4-4416-9FE6-9A459653C883}"
EndProject
Project("{FAE04EC0-301F-11D3-BF4B-00C04F79EFBC}") = "IProjenFramework.MvcWebUI", "IProjenFramework.SmartAdminMvcWebUI\IProjenFramework.MvcWebUI.csproj", "{2FEAA904-9BDB-4DF4-A43F-7395FA7BEF83}"
EndProject
Project("{FAE04EC0-301F-11D3-BF4B-00C04F79EFBC}") = "IProjenFramework.ExpressionBuilder", "IProjenFramework.ExpressionBuilder\IProjenFramework.ExpressionBuilder.csproj", "{7221B361-5841-4A72-925D-7EB3EBDB93DC}"
EndProject
Project("{2150E333-8FDC-42A3-9474-1A3956D46DE8}") = "Test Web Projects", "Test Web Projects", "{B0B29ED4-1489-4746-9123-9AAA8D6AEE55}"
EndProject
Project("{FAE04EC0-301F-11D3-BF4B-00C04F79EFBC}") = "WebApplicationTest", "WebApplicationTest\WebApplicationTest.csproj", "{63858823-C398-4489-BEF8-1D0E52FFC65B}"
EndProject
Global
	GlobalSection(SolutionConfigurationPlatforms) = preSolution
		Debug|Any CPU = Debug|Any CPU
		Release|Any CPU = Release|Any CPU
	EndGlobalSection
	GlobalSection(ProjectConfigurationPlatforms) = postSolution
		{864D514E-3349-4766-8E2B-6A37EBB98C1B}.Debug|Any CPU.ActiveCfg = Debug|Any CPU
		{864D514E-3349-4766-8E2B-6A37EBB98C1B}.Debug|Any CPU.Build.0 = Debug|Any CPU
		{864D514E-3349-4766-8E2B-6A37EBB98C1B}.Release|Any CPU.ActiveCfg = Release|Any CPU
		{864D514E-3349-4766-8E2B-6A37EBB98C1B}.Release|Any CPU.Build.0 = Release|Any CPU
		{823133AF-3841-49C9-B188-A930436C6AA0}.Debug|Any CPU.ActiveCfg = Debug|Any CPU
		{823133AF-3841-49C9-B188-A930436C6AA0}.Debug|Any CPU.Build.0 = Debug|Any CPU
		{823133AF-3841-49C9-B188-A930436C6AA0}.Release|Any CPU.ActiveCfg = Release|Any CPU
		{823133AF-3841-49C9-B188-A930436C6AA0}.Release|Any CPU.Build.0 = Release|Any CPU
		{1A50A540-DEEB-4565-9220-D5262C13270D}.Debug|Any CPU.ActiveCfg = Debug|Any CPU
		{1A50A540-DEEB-4565-9220-D5262C13270D}.Debug|Any CPU.Build.0 = Debug|Any CPU
		{1A50A540-DEEB-4565-9220-D5262C13270D}.Release|Any CPU.ActiveCfg = Release|Any CPU
		{1A50A540-DEEB-4565-9220-D5262C13270D}.Release|Any CPU.Build.0 = Release|Any CPU
		{2F4E62A7-A076-492E-A562-F1D40EB3263D}.Debug|Any CPU.ActiveCfg = Debug|Any CPU
		{2F4E62A7-A076-492E-A562-F1D40EB3263D}.Debug|Any CPU.Build.0 = Debug|Any CPU
		{2F4E62A7-A076-492E-A562-F1D40EB3263D}.Release|Any CPU.ActiveCfg = Release|Any CPU
		{2F4E62A7-A076-492E-A562-F1D40EB3263D}.Release|Any CPU.Build.0 = Release|Any CPU
		{69C5CBC8-62E8-428E-80A9-F536432C8F31}.Debug|Any CPU.ActiveCfg = Debug|Any CPU
		{69C5CBC8-62E8-428E-80A9-F536432C8F31}.Debug|Any CPU.Build.0 = Debug|Any CPU
		{69C5CBC8-62E8-428E-80A9-F536432C8F31}.Release|Any CPU.ActiveCfg = Release|Any CPU
		{69C5CBC8-62E8-428E-80A9-F536432C8F31}.Release|Any CPU.Build.0 = Release|Any CPU
		{864478F1-68FB-4A73-85CB-763152C88EB3}.Debug|Any CPU.ActiveCfg = Debug|Any CPU
		{864478F1-68FB-4A73-85CB-763152C88EB3}.Debug|Any CPU.Build.0 = Debug|Any CPU
		{864478F1-68FB-4A73-85CB-763152C88EB3}.Release|Any CPU.ActiveCfg = Release|Any CPU
		{864478F1-68FB-4A73-85CB-763152C88EB3}.Release|Any CPU.Build.0 = Release|Any CPU
		{9C0E3F1A-27FC-4215-A90D-F6DF5BA322FC}.Debug|Any CPU.ActiveCfg = Debug|Any CPU
		{9C0E3F1A-27FC-4215-A90D-F6DF5BA322FC}.Debug|Any CPU.Build.0 = Debug|Any CPU
		{9C0E3F1A-27FC-4215-A90D-F6DF5BA322FC}.Release|Any CPU.ActiveCfg = Release|Any CPU
		{9C0E3F1A-27FC-4215-A90D-F6DF5BA322FC}.Release|Any CPU.Build.0 = Release|Any CPU
		{DCAC1902-5637-4217-A2BF-32DDC741CA07}.Debug|Any CPU.ActiveCfg = Debug|Any CPU
		{DCAC1902-5637-4217-A2BF-32DDC741CA07}.Debug|Any CPU.Build.0 = Debug|Any CPU
		{DCAC1902-5637-4217-A2BF-32DDC741CA07}.Release|Any CPU.ActiveCfg = Release|Any CPU
		{DCAC1902-5637-4217-A2BF-32DDC741CA07}.Release|Any CPU.Build.0 = Release|Any CPU
		{D7D336D6-CE2F-4D83-94CB-D02223C18DEF}.Debug|Any CPU.ActiveCfg = Debug|Any CPU
		{D7D336D6-CE2F-4D83-94CB-D02223C18DEF}.Debug|Any CPU.Build.0 = Debug|Any CPU
		{D7D336D6-CE2F-4D83-94CB-D02223C18DEF}.Release|Any CPU.ActiveCfg = Debug|Any CPU
		{D7D336D6-CE2F-4D83-94CB-D02223C18DEF}.Release|Any CPU.Build.0 = Debug|Any CPU
		{BDCDF82A-82D3-4B97-A770-3C02CB589FBF}.Debug|Any CPU.ActiveCfg = Debug|Any CPU
		{BDCDF82A-82D3-4B97-A770-3C02CB589FBF}.Debug|Any CPU.Build.0 = Debug|Any CPU
		{BDCDF82A-82D3-4B97-A770-3C02CB589FBF}.Release|Any CPU.ActiveCfg = Release|Any CPU
		{BDCDF82A-82D3-4B97-A770-3C02CB589FBF}.Release|Any CPU.Build.0 = Release|Any CPU
		{47494CCF-5B86-499B-ACD3-9F8A173C972C}.Debug|Any CPU.ActiveCfg = Debug|Any CPU
		{47494CCF-5B86-499B-ACD3-9F8A173C972C}.Debug|Any CPU.Build.0 = Debug|Any CPU
		{47494CCF-5B86-499B-ACD3-9F8A173C972C}.Release|Any CPU.ActiveCfg = Release|Any CPU
		{47494CCF-5B86-499B-ACD3-9F8A173C972C}.Release|Any CPU.Build.0 = Release|Any CPU
		{51EA2F68-E86D-471C-8E95-40EB4A582876}.Debug|Any CPU.ActiveCfg = Debug|Any CPU
		{51EA2F68-E86D-471C-8E95-40EB4A582876}.Debug|Any CPU.Build.0 = Debug|Any CPU
		{51EA2F68-E86D-471C-8E95-40EB4A582876}.Release|Any CPU.ActiveCfg = Release|Any CPU
		{51EA2F68-E86D-471C-8E95-40EB4A582876}.Release|Any CPU.Build.0 = Release|Any CPU
		{CD00E44E-D5C4-4416-9FE6-9A459653C883}.Debug|Any CPU.ActiveCfg = Debug|Any CPU
		{CD00E44E-D5C4-4416-9FE6-9A459653C883}.Debug|Any CPU.Build.0 = Debug|Any CPU
		{CD00E44E-D5C4-4416-9FE6-9A459653C883}.Release|Any CPU.ActiveCfg = Release|Any CPU
		{CD00E44E-D5C4-4416-9FE6-9A459653C883}.Release|Any CPU.Build.0 = Release|Any CPU
		{2FEAA904-9BDB-4DF4-A43F-7395FA7BEF83}.Debug|Any CPU.ActiveCfg = Debug|Any CPU
		{2FEAA904-9BDB-4DF4-A43F-7395FA7BEF83}.Debug|Any CPU.Build.0 = Debug|Any CPU
		{2FEAA904-9BDB-4DF4-A43F-7395FA7BEF83}.Release|Any CPU.ActiveCfg = Release|Any CPU
		{2FEAA904-9BDB-4DF4-A43F-7395FA7BEF83}.Release|Any CPU.Build.0 = Release|Any CPU
		{7221B361-5841-4A72-925D-7EB3EBDB93DC}.Debug|Any CPU.ActiveCfg = Debug|Any CPU
		{7221B361-5841-4A72-925D-7EB3EBDB93DC}.Debug|Any CPU.Build.0 = Debug|Any CPU
		{7221B361-5841-4A72-925D-7EB3EBDB93DC}.Release|Any CPU.ActiveCfg = Release|Any CPU
		{7221B361-5841-4A72-925D-7EB3EBDB93DC}.Release|Any CPU.Build.0 = Release|Any CPU
		{63858823-C398-4489-BEF8-1D0E52FFC65B}.Debug|Any CPU.ActiveCfg = Debug|Any CPU
		{63858823-C398-4489-BEF8-1D0E52FFC65B}.Debug|Any CPU.Build.0 = Debug|Any CPU
		{63858823-C398-4489-BEF8-1D0E52FFC65B}.Release|Any CPU.ActiveCfg = Release|Any CPU
		{63858823-C398-4489-BEF8-1D0E52FFC65B}.Release|Any CPU.Build.0 = Release|Any CPU
	EndGlobalSection
	GlobalSection(SolutionProperties) = preSolution
		HideSolutionNode = FALSE
	EndGlobalSection
	GlobalSection(NestedProjects) = preSolution
		{864D514E-3349-4766-8E2B-6A37EBB98C1B} = {7B9A8169-5D07-463C-A60B-E6C7AC0BEAFF}
		{823133AF-3841-49C9-B188-A930436C6AA0} = {7B9A8169-5D07-463C-A60B-E6C7AC0BEAFF}
		{1A50A540-DEEB-4565-9220-D5262C13270D} = {7B9A8169-5D07-463C-A60B-E6C7AC0BEAFF}
		{2F4E62A7-A076-492E-A562-F1D40EB3263D} = {7B9A8169-5D07-463C-A60B-E6C7AC0BEAFF}
		{69C5CBC8-62E8-428E-80A9-F536432C8F31} = {3409D905-7B1B-4795-9AEA-81F19552A696}
		{864478F1-68FB-4A73-85CB-763152C88EB3} = {3409D905-7B1B-4795-9AEA-81F19552A696}
		{9C0E3F1A-27FC-4215-A90D-F6DF5BA322FC} = {38EFFCC5-23C3-49EC-BA80-C66C7ABDAFDA}
		{DCAC1902-5637-4217-A2BF-32DDC741CA07} = {3409D905-7B1B-4795-9AEA-81F19552A696}
		{D7D336D6-CE2F-4D83-94CB-D02223C18DEF} = {B0161334-C462-4117-AE3C-32A2AF1D337F}
		{BDCDF82A-82D3-4B97-A770-3C02CB589FBF} = {9C6D97FB-6933-4513-BD93-D05AFEE73F71}
		{47494CCF-5B86-499B-ACD3-9F8A173C972C} = {3356477C-A70B-4668-A9A2-7432AB5931B2}
		{51EA2F68-E86D-471C-8E95-40EB4A582876} = {C0EE060A-4547-4DC8-A1BB-5C4625927A2C}
		{CD00E44E-D5C4-4416-9FE6-9A459653C883} = {C0EE060A-4547-4DC8-A1BB-5C4625927A2C}
		{2FEAA904-9BDB-4DF4-A43F-7395FA7BEF83} = {77D47095-FE06-44C5-A88C-C49BA32E16E2}
		{7221B361-5841-4A72-925D-7EB3EBDB93DC} = {3356477C-A70B-4668-A9A2-7432AB5931B2}
		{63858823-C398-4489-BEF8-1D0E52FFC65B} = {B0B29ED4-1489-4746-9123-9AAA8D6AEE55}
	EndGlobalSection
	GlobalSection(ExtensibilityGlobals) = postSolution
		SolutionGuid = {C5CA445C-B522-4988-8DAB-38FA05A5515C}
	EndGlobalSection
EndGlobal
