
Microsoft Visual Studio Solution File, Format Version 12.00
# Visual Studio Version 16
VisualStudioVersion = 16.0.29613.14
MinimumVisualStudioVersion = 10.0.40219.1
Project("{9A19103F-16F7-4668-BE54-9A1E7A4F7556}") = "WebAPI", "WebAPI\WebAPI.csproj", "{BE6252EB-35CC-42B7-9913-CAB933D58E6D}"
EndProject
Project("{9A19103F-16F7-4668-BE54-9A1E7A4F7556}") = "Core", "Core\Core.csproj", "{AA98415D-2FE8-4078-9529-57B8C0FC9F4B}"
EndProject
Project("{9A19103F-16F7-4668-BE54-9A1E7A4F7556}") = "Business", "Business\Business.csproj", "{74306318-C52E-4AA7-A8B1-549F71AD82FF}"
EndProject
Project("{9A19103F-16F7-4668-BE54-9A1E7A4F7556}") = "DataAccess", "DataAccess\DataAccess.csproj", "{E32A78BE-29D4-4181-BBA5-67BA669E6A39}"
EndProject
Project("{9A19103F-16F7-4668-BE54-9A1E7A4F7556}") = "Entities", "Entities\Entities.csproj", "{81F9263F-41E7-4C10-B8A1-FDA818A7C395}"
EndProject
Project("{9A19103F-16F7-4668-BE54-9A1E7A4F7556}") = "MailSync", "MailSync\MailSync.csproj", "{ED59F222-7058-4C60-ACE9-2EFC5A2F3237}"
EndProject
Project("{9A19103F-16F7-4668-BE54-9A1E7A4F7556}") = "ScaffoldMigrationApp", "ScaffoldMigrationApp\ScaffoldMigrationApp.csproj", "{C195E93B-D811-4731-92F9-DE689338483B}"
EndProject
Project("{FAE04EC0-301F-11D3-BF4B-00C04F79EFBC}") = "IdentityServer", "IdentityServer\IdentityServer.csproj", "{2D52D1E1-11DC-416F-8D4C-425C5BE82E04}"
EndProject
Project("{FAE04EC0-301F-11D3-BF4B-00C04F79EFBC}") = "ApiGateway", "ApiGateway\ApiGateway.csproj", "{C6AFF277-EC0E-4EE0-B677-E91D2495AC80}"
EndProject
Global
	GlobalSection(SolutionConfigurationPlatforms) = preSolution
		Debug|Any CPU = Debug|Any CPU
		Release|Any CPU = Release|Any CPU
	EndGlobalSection
	GlobalSection(ProjectConfigurationPlatforms) = postSolution
		{BE6252EB-35CC-42B7-9913-CAB933D58E6D}.Debug|Any CPU.ActiveCfg = Debug|Any CPU
		{BE6252EB-35CC-42B7-9913-CAB933D58E6D}.Debug|Any CPU.Build.0 = Debug|Any CPU
		{BE6252EB-35CC-42B7-9913-CAB933D58E6D}.Release|Any CPU.ActiveCfg = Release|Any CPU
		{BE6252EB-35CC-42B7-9913-CAB933D58E6D}.Release|Any CPU.Build.0 = Release|Any CPU
		{AA98415D-2FE8-4078-9529-57B8C0FC9F4B}.Debug|Any CPU.ActiveCfg = Debug|Any CPU
		{AA98415D-2FE8-4078-9529-57B8C0FC9F4B}.Debug|Any CPU.Build.0 = Debug|Any CPU
		{AA98415D-2FE8-4078-9529-57B8C0FC9F4B}.Release|Any CPU.ActiveCfg = Release|Any CPU
		{AA98415D-2FE8-4078-9529-57B8C0FC9F4B}.Release|Any CPU.Build.0 = Release|Any CPU
		{74306318-C52E-4AA7-A8B1-549F71AD82FF}.Debug|Any CPU.ActiveCfg = Debug|Any CPU
		{74306318-C52E-4AA7-A8B1-549F71AD82FF}.Debug|Any CPU.Build.0 = Debug|Any CPU
		{74306318-C52E-4AA7-A8B1-549F71AD82FF}.Release|Any CPU.ActiveCfg = Release|Any CPU
		{74306318-C52E-4AA7-A8B1-549F71AD82FF}.Release|Any CPU.Build.0 = Release|Any CPU
		{E32A78BE-29D4-4181-BBA5-67BA669E6A39}.Debug|Any CPU.ActiveCfg = Debug|Any CPU
		{E32A78BE-29D4-4181-BBA5-67BA669E6A39}.Debug|Any CPU.Build.0 = Debug|Any CPU
		{E32A78BE-29D4-4181-BBA5-67BA669E6A39}.Release|Any CPU.ActiveCfg = Release|Any CPU
		{E32A78BE-29D4-4181-BBA5-67BA669E6A39}.Release|Any CPU.Build.0 = Release|Any CPU
		{81F9263F-41E7-4C10-B8A1-FDA818A7C395}.Debug|Any CPU.ActiveCfg = Debug|Any CPU
		{81F9263F-41E7-4C10-B8A1-FDA818A7C395}.Debug|Any CPU.Build.0 = Debug|Any CPU
		{81F9263F-41E7-4C10-B8A1-FDA818A7C395}.Release|Any CPU.ActiveCfg = Release|Any CPU
		{81F9263F-41E7-4C10-B8A1-FDA818A7C395}.Release|Any CPU.Build.0 = Release|Any CPU
		{ED59F222-7058-4C60-ACE9-2EFC5A2F3237}.Debug|Any CPU.ActiveCfg = Debug|Any CPU
		{ED59F222-7058-4C60-ACE9-2EFC5A2F3237}.Debug|Any CPU.Build.0 = Debug|Any CPU
		{ED59F222-7058-4C60-ACE9-2EFC5A2F3237}.Release|Any CPU.ActiveCfg = Release|Any CPU
		{ED59F222-7058-4C60-ACE9-2EFC5A2F3237}.Release|Any CPU.Build.0 = Release|Any CPU
		{C195E93B-D811-4731-92F9-DE689338483B}.Debug|Any CPU.ActiveCfg = Debug|Any CPU
		{C195E93B-D811-4731-92F9-DE689338483B}.Debug|Any CPU.Build.0 = Debug|Any CPU
		{C195E93B-D811-4731-92F9-DE689338483B}.Release|Any CPU.ActiveCfg = Release|Any CPU
		{C195E93B-D811-4731-92F9-DE689338483B}.Release|Any CPU.Build.0 = Release|Any CPU
		{2D52D1E1-11DC-416F-8D4C-425C5BE82E04}.Debug|Any CPU.ActiveCfg = Debug|Any CPU
		{2D52D1E1-11DC-416F-8D4C-425C5BE82E04}.Debug|Any CPU.Build.0 = Debug|Any CPU
		{2D52D1E1-11DC-416F-8D4C-425C5BE82E04}.Release|Any CPU.ActiveCfg = Release|Any CPU
		{2D52D1E1-11DC-416F-8D4C-425C5BE82E04}.Release|Any CPU.Build.0 = Release|Any CPU
		{C6AFF277-EC0E-4EE0-B677-E91D2495AC80}.Debug|Any CPU.ActiveCfg = Debug|Any CPU
		{C6AFF277-EC0E-4EE0-B677-E91D2495AC80}.Debug|Any CPU.Build.0 = Debug|Any CPU
		{C6AFF277-EC0E-4EE0-B677-E91D2495AC80}.Release|Any CPU.ActiveCfg = Release|Any CPU
		{C6AFF277-EC0E-4EE0-B677-E91D2495AC80}.Release|Any CPU.Build.0 = Release|Any CPU
	EndGlobalSection
	GlobalSection(SolutionProperties) = preSolution
		HideSolutionNode = FALSE
	EndGlobalSection
	GlobalSection(ExtensibilityGlobals) = postSolution
		SolutionGuid = {DD0CFD33-1E3C-4F4D-B10D-F4C0CECB26A9}
	EndGlobalSection
EndGlobal
